
Microsoft Visual Studio Solution File, Format Version 12.00
# Visual Studio 15
VisualStudioVersion = 15.0.28307.271
MinimumVisualStudioVersion = 10.0.40219.1
Project("{FAE04EC0-301F-11D3-BF4B-00C04F79EFBC}") = "AES_ENC", "AES_ENC\AES_ENC.csproj", "{56D7EC9D-A309-4E65-9C03-2594532875ED}"
EndProject
Global
	GlobalSection(SolutionConfigurationPlatforms) = preSolution
		Debug|Any CPU = Debug|Any CPU
		Release|Any CPU = Release|Any CPU
	EndGlobalSection
	GlobalSection(ProjectConfigurationPlatforms) = postSolution
		{56D7EC9D-A309-4E65-9C03-2594532875ED}.Debug|Any CPU.ActiveCfg = Debug|Any CPU
		{56D7EC9D-A309-4E65-9C03-2594532875ED}.Debug|Any CPU.Build.0 = Debug|Any CPU
		{56D7EC9D-A309-4E65-9C03-2594532875ED}.Release|Any CPU.ActiveCfg = Release|Any CPU
		{56D7EC9D-A309-4E65-9C03-2594532875ED}.Release|Any CPU.Build.0 = Release|Any CPU
	EndGlobalSection
	GlobalSection(SolutionProperties) = preSolution
		HideSolutionNode = FALSE
	EndGlobalSection
	GlobalSection(ExtensibilityGlobals) = postSolution
		SolutionGuid = {300BDD51-A4E7-4930-926A-B2B0F7638E70}
	EndGlobalSection
EndGlobal
